
Microsoft Visual Studio Solution File, Format Version 12.00
# Visual Studio 15
VisualStudioVersion = 15.0.27019.1
MinimumVisualStudioVersion = 10.0.40219.1
Project("{8BC9CEB8-8B4A-11D0-8D11-00A0C91BC942}") = "Avanguard", "Avanguard\Avanguard.vcxproj", "{540A22E1-D40F-4D6E-9FFA-652E3450D064}"
EndProject
Project("{8BC9CEB8-8B4A-11D0-8D11-00A0C91BC942}") = "SomeExternalDll", "SomeExternalDll\SomeExternalDll.vcxproj", "{209EF3F6-482C-488B-A5CF-5BF8CD637DE6}"
EndProject
Project("{8BC9CEB8-8B4A-11D0-8D11-00A0C91BC942}") = "EntryPointCryptor", "EntryPointCryptor\EntryPointCryptor.vcxproj", "{95B79E39-F7D6-45ED-8DD8-1D2C14188086}"
EndProject
Global
	GlobalSection(SolutionConfigurationPlatforms) = preSolution
		Debug|x64 = Debug|x64
		Debug|x86 = Debug|x86
		Release|x64 = Release|x64
		Release|x86 = Release|x86
	EndGlobalSection
	GlobalSection(ProjectConfigurationPlatforms) = postSolution
		{540A22E1-D40F-4D6E-9FFA-652E3450D064}.Debug|x64.ActiveCfg = Debug|x64
		{540A22E1-D40F-4D6E-9FFA-652E3450D064}.Debug|x64.Build.0 = Debug|x64
		{540A22E1-D40F-4D6E-9FFA-652E3450D064}.Debug|x64.Deploy.0 = Debug|x64
		{540A22E1-D40F-4D6E-9FFA-652E3450D064}.Debug|x86.ActiveCfg = Debug|Win32
		{540A22E1-D40F-4D6E-9FFA-652E3450D064}.Debug|x86.Build.0 = Debug|Win32
		{540A22E1-D40F-4D6E-9FFA-652E3450D064}.Debug|x86.Deploy.0 = Debug|Win32
		{540A22E1-D40F-4D6E-9FFA-652E3450D064}.Release|x64.ActiveCfg = Release|x64
		{540A22E1-D40F-4D6E-9FFA-652E3450D064}.Release|x64.Build.0 = Release|x64
		{540A22E1-D40F-4D6E-9FFA-652E3450D064}.Release|x64.Deploy.0 = Release|x64
		{540A22E1-D40F-4D6E-9FFA-652E3450D064}.Release|x86.ActiveCfg = Release|Win32
		{540A22E1-D40F-4D6E-9FFA-652E3450D064}.Release|x86.Build.0 = Release|Win32
		{540A22E1-D40F-4D6E-9FFA-652E3450D064}.Release|x86.Deploy.0 = Release|Win32
		{209EF3F6-482C-488B-A5CF-5BF8CD637DE6}.Debug|x64.ActiveCfg = Debug|x64
		{209EF3F6-482C-488B-A5CF-5BF8CD637DE6}.Debug|x64.Build.0 = Debug|x64
		{209EF3F6-482C-488B-A5CF-5BF8CD637DE6}.Debug|x86.ActiveCfg = Debug|Win32
		{209EF3F6-482C-488B-A5CF-5BF8CD637DE6}.Debug|x86.Build.0 = Debug|Win32
		{209EF3F6-482C-488B-A5CF-5BF8CD637DE6}.Release|x64.ActiveCfg = Release|x64
		{209EF3F6-482C-488B-A5CF-5BF8CD637DE6}.Release|x64.Build.0 = Release|x64
		{209EF3F6-482C-488B-A5CF-5BF8CD637DE6}.Release|x86.ActiveCfg = Release|Win32
		{209EF3F6-482C-488B-A5CF-5BF8CD637DE6}.Release|x86.Build.0 = Release|Win32
		{95B79E39-F7D6-45ED-8DD8-1D2C14188086}.Debug|x64.ActiveCfg = Debug|x64
		{95B79E39-F7D6-45ED-8DD8-1D2C14188086}.Debug|x64.Build.0 = Debug|x64
		{95B79E39-F7D6-45ED-8DD8-1D2C14188086}.Debug|x86.ActiveCfg = Debug|Win32
		{95B79E39-F7D6-45ED-8DD8-1D2C14188086}.Debug|x86.Build.0 = Debug|Win32
		{95B79E39-F7D6-45ED-8DD8-1D2C14188086}.Release|x64.ActiveCfg = Release|x64
		{95B79E39-F7D6-45ED-8DD8-1D2C14188086}.Release|x64.Build.0 = Release|x64
		{95B79E39-F7D6-45ED-8DD8-1D2C14188086}.Release|x86.ActiveCfg = Release|Win32
		{95B79E39-F7D6-45ED-8DD8-1D2C14188086}.Release|x86.Build.0 = Release|Win32
	EndGlobalSection
	GlobalSection(SolutionProperties) = preSolution
		HideSolutionNode = FALSE
	EndGlobalSection
	GlobalSection(ExtensibilityGlobals) = postSolution
		SolutionGuid = {AE0739EC-7F47-4652-B0BE-7FD7BCF25A33}
	EndGlobalSection
EndGlobal
